
Microsoft Visual Studio Solution File, Format Version 12.00
# Visual Studio 2012
Project("{FAE04EC0-301F-11D3-BF4B-00C04F79EFBC}") = "APIService", "APIService.csproj", "{CE47C7AA-C80B-4CF9-AFBB-F3C2EF358695}"
EndProject
Project("{2150E333-8FDC-42A3-9474-1A3956D46DE8}") = "Solution Items", "Solution Items", "{FDF990E1-6370-401D-BB92-97084C7BE199}"
	ProjectSection(SolutionItems) = preProject
		APIService.vsmdi = APIService.vsmdi
		Local.testsettings = Local.testsettings
		TraceAndTestImpact.testsettings = TraceAndTestImpact.testsettings
	EndProjectSection
EndProject
Project("{FAE04EC0-301F-11D3-BF4B-00C04F79EFBC}") = "APITest", "test\APITest\APITest.csproj", "{828169AA-F6CD-493C-8D74-4FE056ED7CDC}"
EndProject
Project("{FAE04EC0-301F-11D3-BF4B-00C04F79EFBC}") = "BIM360FieldSDKTestClient", "example\APIExample\BIM360FieldSDKTestClient.csproj", "{E12E2FEC-BC13-4594-A8D3-0D2FADF1F3F0}"
EndProject
Project("{FAE04EC0-301F-11D3-BF4B-00C04F79EFBC}") = "PublishFile", "..\PublishFile\PublishFile.csproj", "{3EF641FC-DBE2-44CA-9F01-D307F9D5232A}"
EndProject
Global
	GlobalSection(TestCaseManagementSettings) = postSolution
		CategoryFile = APIService.vsmdi
	EndGlobalSection
	GlobalSection(SolutionConfigurationPlatforms) = preSolution
		Debug|Any CPU = Debug|Any CPU
		Debug|Mixed Platforms = Debug|Mixed Platforms
		Debug|x86 = Debug|x86
		Release|Any CPU = Release|Any CPU
		Release|Mixed Platforms = Release|Mixed Platforms
		Release|x86 = Release|x86
	EndGlobalSection
	GlobalSection(ProjectConfigurationPlatforms) = postSolution
		{CE47C7AA-C80B-4CF9-AFBB-F3C2EF358695}.Debug|Any CPU.ActiveCfg = Debug|Any CPU
		{CE47C7AA-C80B-4CF9-AFBB-F3C2EF358695}.Debug|Any CPU.Build.0 = Debug|Any CPU
		{CE47C7AA-C80B-4CF9-AFBB-F3C2EF358695}.Debug|Mixed Platforms.ActiveCfg = Debug|Any CPU
		{CE47C7AA-C80B-4CF9-AFBB-F3C2EF358695}.Debug|Mixed Platforms.Build.0 = Debug|Any CPU
		{CE47C7AA-C80B-4CF9-AFBB-F3C2EF358695}.Debug|x86.ActiveCfg = Debug|Any CPU
		{CE47C7AA-C80B-4CF9-AFBB-F3C2EF358695}.Release|Any CPU.ActiveCfg = Release|Any CPU
		{CE47C7AA-C80B-4CF9-AFBB-F3C2EF358695}.Release|Any CPU.Build.0 = Release|Any CPU
		{CE47C7AA-C80B-4CF9-AFBB-F3C2EF358695}.Release|Mixed Platforms.ActiveCfg = Release|Any CPU
		{CE47C7AA-C80B-4CF9-AFBB-F3C2EF358695}.Release|Mixed Platforms.Build.0 = Release|Any CPU
		{CE47C7AA-C80B-4CF9-AFBB-F3C2EF358695}.Release|x86.ActiveCfg = Release|Any CPU
		{828169AA-F6CD-493C-8D74-4FE056ED7CDC}.Debug|Any CPU.ActiveCfg = Debug|Any CPU
		{828169AA-F6CD-493C-8D74-4FE056ED7CDC}.Debug|Any CPU.Build.0 = Debug|Any CPU
		{828169AA-F6CD-493C-8D74-4FE056ED7CDC}.Debug|Mixed Platforms.ActiveCfg = Debug|Any CPU
		{828169AA-F6CD-493C-8D74-4FE056ED7CDC}.Debug|Mixed Platforms.Build.0 = Debug|Any CPU
		{828169AA-F6CD-493C-8D74-4FE056ED7CDC}.Debug|x86.ActiveCfg = Debug|Any CPU
		{828169AA-F6CD-493C-8D74-4FE056ED7CDC}.Release|Any CPU.ActiveCfg = Release|Any CPU
		{828169AA-F6CD-493C-8D74-4FE056ED7CDC}.Release|Any CPU.Build.0 = Release|Any CPU
		{828169AA-F6CD-493C-8D74-4FE056ED7CDC}.Release|Mixed Platforms.ActiveCfg = Release|Any CPU
		{828169AA-F6CD-493C-8D74-4FE056ED7CDC}.Release|Mixed Platforms.Build.0 = Release|Any CPU
		{828169AA-F6CD-493C-8D74-4FE056ED7CDC}.Release|x86.ActiveCfg = Release|Any CPU
		{E12E2FEC-BC13-4594-A8D3-0D2FADF1F3F0}.Debug|Any CPU.ActiveCfg = Debug|x86
		{E12E2FEC-BC13-4594-A8D3-0D2FADF1F3F0}.Debug|Mixed Platforms.ActiveCfg = Debug|x86
		{E12E2FEC-BC13-4594-A8D3-0D2FADF1F3F0}.Debug|Mixed Platforms.Build.0 = Debug|x86
		{E12E2FEC-BC13-4594-A8D3-0D2FADF1F3F0}.Debug|x86.ActiveCfg = Debug|x86
		{E12E2FEC-BC13-4594-A8D3-0D2FADF1F3F0}.Debug|x86.Build.0 = Debug|x86
		{E12E2FEC-BC13-4594-A8D3-0D2FADF1F3F0}.Release|Any CPU.ActiveCfg = Release|x86
		{E12E2FEC-BC13-4594-A8D3-0D2FADF1F3F0}.Release|Mixed Platforms.ActiveCfg = Release|x86
		{E12E2FEC-BC13-4594-A8D3-0D2FADF1F3F0}.Release|Mixed Platforms.Build.0 = Release|x86
		{E12E2FEC-BC13-4594-A8D3-0D2FADF1F3F0}.Release|x86.ActiveCfg = Release|x86
		{E12E2FEC-BC13-4594-A8D3-0D2FADF1F3F0}.Release|x86.Build.0 = Release|x86
		{3EF641FC-DBE2-44CA-9F01-D307F9D5232A}.Debug|Any CPU.ActiveCfg = Debug|x86
		{3EF641FC-DBE2-44CA-9F01-D307F9D5232A}.Debug|Mixed Platforms.ActiveCfg = Debug|x86
		{3EF641FC-DBE2-44CA-9F01-D307F9D5232A}.Debug|Mixed Platforms.Build.0 = Debug|x86
		{3EF641FC-DBE2-44CA-9F01-D307F9D5232A}.Debug|x86.ActiveCfg = Debug|x86
		{3EF641FC-DBE2-44CA-9F01-D307F9D5232A}.Debug|x86.Build.0 = Debug|x86
		{3EF641FC-DBE2-44CA-9F01-D307F9D5232A}.Release|Any CPU.ActiveCfg = Release|x86
		{3EF641FC-DBE2-44CA-9F01-D307F9D5232A}.Release|Mixed Platforms.ActiveCfg = Release|x86
		{3EF641FC-DBE2-44CA-9F01-D307F9D5232A}.Release|Mixed Platforms.Build.0 = Release|x86
		{3EF641FC-DBE2-44CA-9F01-D307F9D5232A}.Release|x86.ActiveCfg = Release|x86
		{3EF641FC-DBE2-44CA-9F01-D307F9D5232A}.Release|x86.Build.0 = Release|x86
	EndGlobalSection
	GlobalSection(SolutionProperties) = preSolution
		HideSolutionNode = FALSE
	EndGlobalSection
EndGlobal
